
Microsoft Visual Studio Solution File, Format Version 12.00
# Visual Studio Version 16
VisualStudioVersion = 16.0.29613.14
MinimumVisualStudioVersion = 10.0.40219.1
Project("{FAE04EC0-301F-11D3-BF4B-00C04F79EFBC}") = "tomcMatijaPolugodišnjiZadatak", "tomcMatijaPolugodišnjiZadatak\tomcMatijaPolugodišnjiZadatak.csproj", "{342697EF-8B09-4F61-99D6-386317DCD13A}"
EndProject
Global
	GlobalSection(SolutionConfigurationPlatforms) = preSolution
		Debug|Any CPU = Debug|Any CPU
		Release|Any CPU = Release|Any CPU
	EndGlobalSection
	GlobalSection(ProjectConfigurationPlatforms) = postSolution
		{342697EF-8B09-4F61-99D6-386317DCD13A}.Debug|Any CPU.ActiveCfg = Debug|Any CPU
		{342697EF-8B09-4F61-99D6-386317DCD13A}.Debug|Any CPU.Build.0 = Debug|Any CPU
		{342697EF-8B09-4F61-99D6-386317DCD13A}.Release|Any CPU.ActiveCfg = Release|Any CPU
		{342697EF-8B09-4F61-99D6-386317DCD13A}.Release|Any CPU.Build.0 = Release|Any CPU
	EndGlobalSection
	GlobalSection(SolutionProperties) = preSolution
		HideSolutionNode = FALSE
	EndGlobalSection
	GlobalSection(ExtensibilityGlobals) = postSolution
		SolutionGuid = {6748B7E2-F667-4482-ACD2-5DCD4A256738}
	EndGlobalSection
EndGlobal
